<?xml version="1.0" encoding="utf-8"?>
<Project ToolsVersion="4.0" xmlns="http://schemas.microsoft.com/developer/msbuild/2003">
  <ItemGroup>
    <Filter Include="Day1">
      <UniqueIdentifier>{a55ccc80-78f4-4170-949c-c24d78e80405}</UniqueIdentifier>
    </Filter>
    <Filter Include="Base Program">
      <UniqueIdentifier>{93995380-89BD-4b04-88EB-625FBE52EBFB}</UniqueIdentifier>
      <Extensions>h;hh;hpp;hxx;h++;hm;inl;inc;ipp;xsd</Extensions>
    </Filter>
    <Filter Include="Day2">
      <UniqueIdentifier>{fdb67a78-bdfa-4387-9edf-c29c2606b12a}</UniqueIdentifier>
    </Filter>
    <Filter Include="Day3">
      <UniqueIdentifier>{93d2e029-d145-45ad-9c3a-015aefb47607}</UniqueIdentifier>
    </Filter>
    <Filter Include="Day4">
      <UniqueIdentifier>{8fb2983d-f14d-4adc-aa1f-8de0abf2581e}</UniqueIdentifier>
    </Filter>
  </ItemGroup>
  <ItemGroup>
    <ClCompile Include="AOCDayOne.cpp">
      <Filter>Day1</Filter>
    </ClCompile>
    <ClCompile Include="Executor.cpp">
      <Filter>Base Program</Filter>
    </ClCompile>
    <ClCompile Include="Entrance.cpp">
      <Filter>Base Program</Filter>
    </ClCompile>
    <ClCompile Include="AOCDayTwo.cpp">
      <Filter>Day2</Filter>
    </ClCompile>
    <ClCompile Include="AOCDayThree.cpp">
      <Filter>Day3</Filter>
    </ClCompile>
    <ClCompile Include="AOCDayFour.cpp">
      <Filter>Day4</Filter>
    </ClCompile>
  </ItemGroup>
  <ItemGroup>
    <ClInclude Include="Executor.h">
      <Filter>Base Program</Filter>
    </ClInclude>
    <ClInclude Include="Program.h">
      <Filter>Base Program</Filter>
    </ClInclude>
    <ClInclude Include="AOCDayOne.h">
      <Filter>Day1</Filter>
    </ClInclude>
    <ClInclude Include="AOCDayTwo.h">
      <Filter>Day2</Filter>
    </ClInclude>
    <ClInclude Include="AOCDayThree.h">
      <Filter>Day3</Filter>
    </ClInclude>
    <ClInclude Include="AOCDayFour.h">
      <Filter>Day4</Filter>
    </ClInclude>
  </ItemGroup>
</Project>